// !$*UTF8*$!
{
	archiveVersion = 1;
	classes = {
	};
	objectVersion = 46;
	objects = {

/* Begin PBXBuildFile section */
		2A97D0841DC83AA000579D8F /* AppDelegate.swift in Sources */ = {isa = PBXBuildFile; fileRef = 2A97D0831DC83AA000579D8F /* AppDelegate.swift */; };
		2A97D0861DC83AA000579D8F /* ViewController.swift in Sources */ = {isa = PBXBuildFile; fileRef = 2A97D0851DC83AA000579D8F /* ViewController.swift */; };
		2A97D0881DC83AA000579D8F /* Assets.xcassets in Resources */ = {isa = PBXBuildFile; fileRef = 2A97D0871DC83AA000579D8F /* Assets.xcassets */; };
		2A97D08B1DC83AA000579D8F /* Main.storyboard in Resources */ = {isa = PBXBuildFile; fileRef = 2A97D0891DC83AA000579D8F /* Main.storyboard */; };
/* End PBXBuildFile section */

/* Begin PBXFileReference section */
		2A97D0801DC83AA000579D8F /* FTChatMessageServer.app */ = {isa = PBXFileReference; explicitFileType = wrapper.application; includeInIndex = 0; path = FTChatMessageServer.app; sourceTree = BUILT_PRODUCTS_DIR; };
		2A97D0831DC83AA000579D8F /* AppDelegate.swift */ = {isa = PBXFileReference; lastKnownFileType = sourcecode.swift; path = AppDelegate.swift; sourceTree = "<group>"; };
		2A97D0851DC83AA000579D8F /* ViewController.swift */ = {isa = PBXFileReference; lastKnownFileType = sourcecode.swift; path = ViewController.swift; sourceTree = "<group>"; };
		2A97D0871DC83AA000579D8F /* Assets.xcassets */ = {isa = PBXFileReference; lastKnownFileType = folder.assetcatalog; path = Assets.xcassets; sourceTree = "<group>"; };
		2A97D08A1DC83AA000579D8F /* Base */ = {isa = PBXFileReference; lastKnownFileType = file.storyboard; name = Base; path = Base.lproj/Main.storyboard; sourceTree = "<group>"; };
		2A97D08C1DC83AA000579D8F /* Info.plist */ = {isa = PBXFileReference; lastKnownFileType = text.plist.xml; path = Info.plist; sourceTree = "<group>"; };
/* End PBXFileReference section */

/* Begin PBXFrameworksBuildPhase section */
		2A97D07D1DC83AA000579D8F /* Frameworks */ = {
			isa = PBXFrameworksBuildPhase;
			buildActionMask = 2147483647;
			files = (
			);
			runOnlyForDeploymentPostprocessing = 0;
		};
/* End PBXFrameworksBuildPhase section */

/* Begin PBXGroup section */
		2A97D0771DC83AA000579D8F = {
			isa = PBXGroup;
			children = (
				2A97D0821DC83AA000579D8F /* FTChatMessageServer */,
				2A97D0811DC83AA000579D8F /* Products */,
			);
			sourceTree = "<group>";
		};
		2A97D0811DC83AA000579D8F /* Products */ = {
			isa = PBXGroup;
			children = (
				2A97D0801DC83AA000579D8F /* FTChatMessageServer.app */,
			);
			name = Products;
			sourceTree = "<group>";
		};
		2A97D0821DC83AA000579D8F /* FTChatMessageServer */ = {
			isa = PBXGroup;
			children = (
				2A97D0831DC83AA000579D8F /* AppDelegate.swift */,
				2A97D0851DC83AA000579D8F /* ViewController.swift */,
				2A97D0871DC83AA000579D8F /* Assets.xcassets */,
				2A97D0891DC83AA000579D8F /* Main.storyboard */,
				2A97D08C1DC83AA000579D8F /* Info.plist */,
			);
			path = FTChatMessageServer;
			sourceTree = "<group>";
		};
/* End PBXGroup section */

/* Begin PBXNativeTarget section */
		2A97D07F1DC83AA000579D8F /* FTChatMessageServer */ = {
			isa = PBXNativeTarget;
			buildConfigurationList = 2A97D08F1DC83AA000579D8F /* Build configuration list for PBXNativeTarget "FTChatMessageServer" */;
			buildPhases = (
				2A97D07C1DC83AA000579D8F /* Sources */,
				2A97D07D1DC83AA000579D8F /* Frameworks */,
				2A97D07E1DC83AA000579D8F /* Resources */,
			);
			buildRules = (
			);
			dependencies = (
			);
			name = FTChatMessageServer;
			productName = FTChatMessageServer;
			productReference = 2A97D0801DC83AA000579D8F /* FTChatMessageServer.app */;
			productType = "com.apple.product-type.application";
		};
/* End PBXNativeTarget section */

/* Begin PBXProject section */
		2A97D0781DC83AA000579D8F /* Project object */ = {
			isa = PBXProject;
			attributes = {
				LastSwiftUpdateCheck = 0730;
				LastUpgradeCheck = 0800;
				ORGANIZATIONNAME = LiuFengting;
				TargetAttributes = {
					2A97D07F1DC83AA000579D8F = {
						CreatedOnToolsVersion = 7.3.1;
						LastSwiftMigration = 0800;
					};
				};
			};
			buildConfigurationList = 2A97D07B1DC83AA000579D8F /* Build configuration list for PBXProject "FTChatMessageServer" */;
			compatibilityVersion = "Xcode 3.2";
			developmentRegion = English;
			hasScannedForEncodings = 0;
			knownRegions = (
				en,
				Base,
			);
			mainGroup = 2A97D0771DC83AA000579D8F;
			productRefGroup = 2A97D0811DC83AA000579D8F /* Products */;
			projectDirPath = "";
			projectRoot = "";
			targets = (
				2A97D07F1DC83AA000579D8F /* FTChatMessageServer */,
			);
		};
/* End PBXProject section */

/* Begin PBXResourcesBuildPhase section */
		2A97D07E1DC83AA000579D8F /* Resources */ = {
			isa = PBXResourcesBuildPhase;
			buildActionMask = 2147483647;
			files = (
				2A97D0881DC83AA000579D8F /* Assets.xcassets in Resources */,
				2A97D08B1DC83AA000579D8F /* Main.storyboard in Resources */,
			);
			runOnlyForDeploymentPostprocessing = 0;
		};
/* End PBXResourcesBuildPhase section */

/* Begin PBXSourcesBuildPhase section */
		2A97D07C1DC83AA000579D8F /* Sources */ = {
			isa = PBXSourcesBuildPhase;
			buildActionMask = 2147483647;
			files = (
				2A97D0861DC83AA000579D8F /* ViewController.swift in Sources */,
				2A97D0841DC83AA000579D8F /* AppDelegate.swift in Sources */,
			);
			runOnlyForDeploymentPostprocessing = 0;
		};
/* End PBXSourcesBuildPhase section */

/* Begin PBXVariantGroup section */
		2A97D0891DC83AA000579D8F /* Main.storyboard */ = {
			isa = PBXVariantGroup;
			children = (
				2A97D08A1DC83AA000579D8F /* Base */,
			);
			name = Main.storyboard;
			sourceTree = "<group>";
		};
/* End PBXVariantGroup section */

/* Begin XCBuildConfiguration section */
		2A97D08D1DC83AA000579D8F /* Debug */ = {
			isa = XCBuildConfiguration;
			buildSettings = {
				ALWAYS_SEARCH_USER_PATHS = NO;
				CLANG_ANALYZER_NONNULL = YES;
				CLANG_CXX_LANGUAGE_STANDARD = "gnu++0x";
				CLANG_CXX_LIBRARY = "libc++";
				CLANG_ENABLE_MODULES = YES;
				CLANG_ENABLE_OBJC_ARC = YES;
				CLANG_WARN_BOOL_CONVERSION = YES;
				CLANG_WARN_CONSTANT_CONVERSION = YES;
				CLANG_WARN_DIRECT_OBJC_ISA_USAGE = YES_ERROR;
				CLANG_WARN_EMPTY_BODY = YES;
				CLANG_WARN_ENUM_CONVERSION = YES;
				CLANG_WARN_INFINITE_RECURSION = YES;
				CLANG_WARN_INT_CONVERSION = YES;
				CLANG_WARN_OBJC_ROOT_CLASS = YES_ERROR;
				CLANG_WARN_SUSPICIOUS_MOVE = YES;
				CLANG_WARN_UNREACHABLE_CODE = YES;
				CLANG_WARN__DUPLICATE_METHOD_MATCH = YES;
				CODE_SIGN_IDENTITY = "-";
				COPY_PHASE_STRIP = NO;
				DEBUG_INFORMATION_FORMAT = dwarf;
				ENABLE_STRICT_OBJC_MSGSEND = YES;
				ENABLE_TESTABILITY = YES;
				GCC_C_LANGUAGE_STANDARD = gnu99;
				GCC_DYNAMIC_NO_PIC = NO;
				GCC_NO_COMMON_BLOCKS = YES;
				GCC_OPTIMIZATION_LEVEL = 0;
				GCC_PREPROCESSOR_DEFINITIONS = (
					"DEBUG=1",
					"$(inherited)",
				);
				GCC_WARN_64_TO_32_BIT_CONVERSION = YES;
				GCC_WARN_ABOUT_RETURN_TYPE = YES_ERROR;
				GCC_WARN_UNDECLARED_SELECTOR = YES;
				GCC_WARN_UNINITIALIZED_AUTOS = YES_AGGRESSIVE;
				GCC_WARN_UNUSED_FUNCTION = YES;
				GCC_WARN_UNUSED_VARIABLE = YES;
				MACOSX_DEPLOYMENT_TARGET = 10.12;
				MTL_ENABLE_DEBUG_INFO = YES;
				ONLY_ACTIVE_ARCH = YES;
				SDKROOT = macosx;
				SWIFT_OPTIMIZATION_LEVEL = "-Onone";
			};
			name = Debug;
		};
		2A97D08E1DC83AA000579D8F /* Release */ = {
			isa = XCBuildConfiguration;
			buildSettings = {
				ALWAYS_SEARCH_USER_PATHS = NO;
				CLANG_ANALYZER_NONNULL = YES;
				CLANG_CXX_LANGUAGE_STANDARD = "gnu++0x";
				CLANG_CXX_LIBRARY = "libc++";
				CLANG_ENABLE_MODULES = YES;
				CLANG_ENABLE_OBJC_ARC = YES;
				CLANG_WARN_BOOL_CONVERSION = YES;
				CLANG_WARN_CONSTANT_CONVERSION = YES;
				CLANG_WARN_DIRECT_OBJC_ISA_USAGE = YES_ERROR;
				CLANG_WARN_EMPTY_BODY = YES;
				CLANG_WARN_ENUM_CONVERSION = YES;
				CLANG_WARN_INFINITE_RECURSION = YES;
				CLANG_WARN_INT_CONVERSION = YES;
				CLANG_WARN_OBJC_ROOT_CLASS = YES_ERROR;
				CLANG_WARN_SUSPICIOUS_MOVE = YES;
				CLANG_WARN_UNREACHABLE_CODE = YES;
				CLANG_WARN__DUPLICATE_METHOD_MATCH = YES;
				CODE_SIGN_IDENTITY = "-";
				COPY_PHASE_STRIP = NO;
				DEBUG_INFORMATION_FORMAT = "dwarf-with-dsym";
				ENABLE_NS_ASSERTIONS = NO;
				ENABLE_STRICT_OBJC_MSGSEND = YES;
				GCC_C_LANGUAGE_STANDARD = gnu99;
				GCC_NO_COMMON_BLOCKS = YES;
				GCC_WARN_64_TO_32_BIT_CONVERSION = YES;
				GCC_WARN_ABOUT_RETURN_TYPE = YES_ERROR;
				GCC_WARN_UNDECLARED_SELECTOR = YES;
				GCC_WARN_UNINITIALIZED_AUTOS = YES_AGGRESSIVE;
				GCC_WARN_UNUSED_FUNCTION = YES;
				GCC_WARN_UNUSED_VARIABLE = YES;
				MACOSX_DEPLOYMENT_TARGET = 10.12;
				MTL_ENABLE_DEBUG_INFO = NO;
				SDKROOT = macosx;
				SWIFT_OPTIMIZATION_LEVEL = "-Owholemodule";
			};
			name = Release;
		};
		2A97D0901DC83AA000579D8F /* Debug */ = {
			isa = XCBuildConfiguration;
			buildSettings = {
				ASSETCATALOG_COMPILER_APPICON_NAME = AppIcon;
				COMBINE_HIDPI_IMAGES = YES;
				INFOPLIST_FILE = FTChatMessageServer/Info.plist;
				LD_RUNPATH_SEARCH_PATHS = "$(inherited) @executable_path/../Frameworks";
				PRODUCT_BUNDLE_IDENTIFIER = com.liufengting.FTChatMessageServer;
				PRODUCT_NAME = "$(TARGET_NAME)";
				SWIFT_VERSION = 3.0;
			};
			name = Debug;
		};
		2A97D0911DC83AA000579D8F /* Release */ = {
			isa = XCBuildConfiguration;
			buildSettings = {
				ASSETCATALOG_COMPILER_APPICON_NAME = AppIcon;
				COMBINE_HIDPI_IMAGES = YES;
				INFOPLIST_FILE = FTChatMessageServer/Info.plist;
				LD_RUNPATH_SEARCH_PATHS = "$(inherited) @executable_path/../Frameworks";
				PRODUCT_BUNDLE_IDENTIFIER = com.liufengting.FTChatMessageServer;
				PRODUCT_NAME = "$(TARGET_NAME)";
				SWIFT_VERSION = 3.0;
			};
			name = Release;
		};
/* End XCBuildConfiguration section */

/* Begin XCConfigurationList section */
		2A97D07B1DC83AA000579D8F /* Build configuration list for PBXProject "FTChatMessageServer" */ = {
			isa = XCConfigurationList;
			buildConfigurations = (
				2A97D08D1DC83AA000579D8F /* Debug */,
				2A97D08E1DC83AA000579D8F /* Release */,
			);
			defaultConfigurationIsVisible = 0;
			defaultConfigurationName = Release;
		};
		2A97D08F1DC83AA000579D8F /* Build configuration list for PBXNativeTarget "FTChatMessageServer" */ = {
			isa = XCConfigurationList;
			buildConfigurations = (
				2A97D0901DC83AA000579D8F /* Debug */,
				2A97D0911DC83AA000579D8F /* Release */,
			);
			defaultConfigurationIsVisible = 0;
			defaultConfigurationName = Release;
		};
/* End XCConfigurationList section */
	};
	rootObject = 2A97D0781DC83AA000579D8F /* Project object */;
}
